
Microsoft Visual Studio Solution File, Format Version 12.00
# Visual Studio Version 17
VisualStudioVersion = 17.9.34616.47
MinimumVisualStudioVersion = 10.0.40219.1
Project("{FAE04EC0-301F-11D3-BF4B-00C04F79EFBC}") = "Caribe", "Caribe.csproj", "{C0D84B89-A925-426A-B1DD-B1D2B04A9F62}"
EndProject
Global
	GlobalSection(SolutionConfigurationPlatforms) = preSolution
		Debug|Any CPU = Debug|Any CPU
		Release|Any CPU = Release|Any CPU
	EndGlobalSection
	GlobalSection(ProjectConfigurationPlatforms) = postSolution
		{C0D84B89-A925-426A-B1DD-B1D2B04A9F62}.Debug|Any CPU.ActiveCfg = Debug|Any CPU
		{C0D84B89-A925-426A-B1DD-B1D2B04A9F62}.Debug|Any CPU.Build.0 = Debug|Any CPU
		{C0D84B89-A925-426A-B1DD-B1D2B04A9F62}.Release|Any CPU.ActiveCfg = Release|Any CPU
		{C0D84B89-A925-426A-B1DD-B1D2B04A9F62}.Release|Any CPU.Build.0 = Release|Any CPU
	EndGlobalSection
	GlobalSection(SolutionProperties) = preSolution
		HideSolutionNode = FALSE
	EndGlobalSection
	GlobalSection(ExtensibilityGlobals) = postSolution
		SolutionGuid = {20174623-7611-49CD-A2A7-27836B20D499}
	EndGlobalSection
EndGlobal
